
Microsoft Visual Studio Solution File, Format Version 12.00
# Visual Studio Version 17
VisualStudioVersion = 17.7.34024.191
MinimumVisualStudioVersion = 10.0.40219.1
Project("{9A19103F-16F7-4668-BE54-9A1E7A4F7556}") = "SistemaBancario.API", "SistemaBancario.API.csproj", "{DF7164AE-59DA-4147-A63C-D830C0E15D48}"
EndProject
Project("{FAE04EC0-301F-11D3-BF4B-00C04F79EFBC}") = "SistemaBancario.Application", "..\SistemaBancario.Application\SistemaBancario.Application.csproj", "{565C6B2F-C0C0-4CB4-AF8F-0B6A306079ED}"
EndProject
Global
	GlobalSection(SolutionConfigurationPlatforms) = preSolution
		Debug|Any CPU = Debug|Any CPU
		Release|Any CPU = Release|Any CPU
	EndGlobalSection
	GlobalSection(ProjectConfigurationPlatforms) = postSolution
		{DF7164AE-59DA-4147-A63C-D830C0E15D48}.Debug|Any CPU.ActiveCfg = Debug|Any CPU
		{DF7164AE-59DA-4147-A63C-D830C0E15D48}.Debug|Any CPU.Build.0 = Debug|Any CPU
		{DF7164AE-59DA-4147-A63C-D830C0E15D48}.Release|Any CPU.ActiveCfg = Release|Any CPU
		{DF7164AE-59DA-4147-A63C-D830C0E15D48}.Release|Any CPU.Build.0 = Release|Any CPU
		{565C6B2F-C0C0-4CB4-AF8F-0B6A306079ED}.Debug|Any CPU.ActiveCfg = Debug|Any CPU
		{565C6B2F-C0C0-4CB4-AF8F-0B6A306079ED}.Debug|Any CPU.Build.0 = Debug|Any CPU
		{565C6B2F-C0C0-4CB4-AF8F-0B6A306079ED}.Release|Any CPU.ActiveCfg = Release|Any CPU
		{565C6B2F-C0C0-4CB4-AF8F-0B6A306079ED}.Release|Any CPU.Build.0 = Release|Any CPU
	EndGlobalSection
	GlobalSection(SolutionProperties) = preSolution
		HideSolutionNode = FALSE
	EndGlobalSection
	GlobalSection(ExtensibilityGlobals) = postSolution
		SolutionGuid = {64AFB6CA-28A8-43EE-BEDB-6C1DD6F20C03}
	EndGlobalSection
EndGlobal
